
Microsoft Visual Studio Solution File, Format Version 12.00
# Visual Studio 15
VisualStudioVersion = 15.0.27130.0
MinimumVisualStudioVersion = 10.0.40219.1
Project("{FAE04EC0-301F-11D3-BF4B-00C04F79EFBC}") = "firehopper", "firehopper\firehopper.csproj", "{1AB39631-4C93-411D-9C50-0E4066D35722}"
EndProject
Global
	GlobalSection(SolutionConfigurationPlatforms) = preSolution
		Debug|Any CPU = Debug|Any CPU
		Release|Any CPU = Release|Any CPU
	EndGlobalSection
	GlobalSection(ProjectConfigurationPlatforms) = postSolution
		{1AB39631-4C93-411D-9C50-0E4066D35722}.Debug|Any CPU.ActiveCfg = Debug|Any CPU
		{1AB39631-4C93-411D-9C50-0E4066D35722}.Debug|Any CPU.Build.0 = Debug|Any CPU
		{1AB39631-4C93-411D-9C50-0E4066D35722}.Release|Any CPU.ActiveCfg = Release|Any CPU
		{1AB39631-4C93-411D-9C50-0E4066D35722}.Release|Any CPU.Build.0 = Release|Any CPU
	EndGlobalSection
	GlobalSection(SolutionProperties) = preSolution
		HideSolutionNode = FALSE
	EndGlobalSection
	GlobalSection(ExtensibilityGlobals) = postSolution
		SolutionGuid = {A0F8CA52-8D58-445B-9215-AD8AE4C61B71}
	EndGlobalSection
EndGlobal
